
Microsoft Visual Studio Solution File, Format Version 12.00
# Visual Studio Version 17
VisualStudioVersion = 17.5.33414.496
MinimumVisualStudioVersion = 10.0.40219.1
Project("{FAE04EC0-301F-11D3-BF4B-00C04F79EFBC}") = "Exercices", "Exercices\Exercices.csproj", "{27656562-6D3F-4F50-86B1-99B5D538EBC0}"
EndProject
Global
	GlobalSection(SolutionConfigurationPlatforms) = preSolution
		Debug|Any CPU = Debug|Any CPU
		Release|Any CPU = Release|Any CPU
	EndGlobalSection
	GlobalSection(ProjectConfigurationPlatforms) = postSolution
		{27656562-6D3F-4F50-86B1-99B5D538EBC0}.Debug|Any CPU.ActiveCfg = Debug|Any CPU
		{27656562-6D3F-4F50-86B1-99B5D538EBC0}.Debug|Any CPU.Build.0 = Debug|Any CPU
		{27656562-6D3F-4F50-86B1-99B5D538EBC0}.Release|Any CPU.ActiveCfg = Release|Any CPU
		{27656562-6D3F-4F50-86B1-99B5D538EBC0}.Release|Any CPU.Build.0 = Release|Any CPU
	EndGlobalSection
	GlobalSection(SolutionProperties) = preSolution
		HideSolutionNode = FALSE
	EndGlobalSection
	GlobalSection(ExtensibilityGlobals) = postSolution
		SolutionGuid = {38A270D8-4575-43B9-AA25-78E893E356E2}
	EndGlobalSection
EndGlobal
